// !$*UTF8*$!
{
	archiveVersion = 1;
	classes = {
	};
	objectVersion = 48;
	objects = {

/* Begin PBXBuildFile section */
		A7192656209CC61D0009AC96 /* CardIssuerConnector.swift in Sources */ = {isa = PBXBuildFile; fileRef = A7192655209CC61D0009AC96 /* CardIssuerConnector.swift */; };
		A7192658209CC6440009AC96 /* CardIssuer.swift in Sources */ = {isa = PBXBuildFile; fileRef = A7192657209CC6440009AC96 /* CardIssuer.swift */; };
		A75F9B0720978FC000FFE3F2 /* PaymentMethod.swift in Sources */ = {isa = PBXBuildFile; fileRef = A75F9B0620978FC000FFE3F2 /* PaymentMethod.swift */; };
		A75F9B0A2097923200FFE3F2 /* PaymentMethodConnector.swift in Sources */ = {isa = PBXBuildFile; fileRef = A75F9B092097923200FFE3F2 /* PaymentMethodConnector.swift */; };
		A79585062094D6ED00D9DFC1 /* AppDelegate.swift in Sources */ = {isa = PBXBuildFile; fileRef = A79585052094D6ED00D9DFC1 /* AppDelegate.swift */; };
		A795850D2094D6ED00D9DFC1 /* Assets.xcassets in Resources */ = {isa = PBXBuildFile; fileRef = A795850C2094D6ED00D9DFC1 /* Assets.xcassets */; };
		A79585102094D6ED00D9DFC1 /* LaunchScreen.storyboard in Resources */ = {isa = PBXBuildFile; fileRef = A795850E2094D6ED00D9DFC1 /* LaunchScreen.storyboard */; };
		A795851B2094D6ED00D9DFC1 /* MercadoPago_Payment_ExampleTests.swift in Sources */ = {isa = PBXBuildFile; fileRef = A795851A2094D6ED00D9DFC1 /* MercadoPago_Payment_ExampleTests.swift */; };
		A79585292094DCC800D9DFC1 /* AmountView.xib in Resources */ = {isa = PBXBuildFile; fileRef = A79585282094DCC800D9DFC1 /* AmountView.xib */; };
		A7A017DC209D048C00DB454E /* CardIssuerViewController.swift in Sources */ = {isa = PBXBuildFile; fileRef = A7A017DB209D048C00DB454E /* CardIssuerViewController.swift */; };
		A7A017DE209D18D200DB454E /* BaseConnector.swift in Sources */ = {isa = PBXBuildFile; fileRef = A7A017DD209D18D200DB454E /* BaseConnector.swift */; };
		A7AA9A76209A07E40043DAEA /* ThumbTitleCollectionViewCell.swift in Sources */ = {isa = PBXBuildFile; fileRef = A7AA9A74209A07E40043DAEA /* ThumbTitleCollectionViewCell.swift */; };
		A7AA9A77209A07E40043DAEA /* ThumbTitleCollectionViewCell.xib in Resources */ = {isa = PBXBuildFile; fileRef = A7AA9A75209A07E40043DAEA /* ThumbTitleCollectionViewCell.xib */; };
		A7AA9A79209A12130043DAEA /* XColumnsCollectionViewFlowLayout.swift in Sources */ = {isa = PBXBuildFile; fileRef = A7AA9A78209A12130043DAEA /* XColumnsCollectionViewFlowLayout.swift */; };
		A7B66EEF209A64D80039DE06 /* PayUseCase.swift in Sources */ = {isa = PBXBuildFile; fileRef = A7B66EEE209A64D80039DE06 /* PayUseCase.swift */; };
		A7C2F83C2099FE4900B2483A /* PaymentMethodViewController.swift in Sources */ = {isa = PBXBuildFile; fileRef = A7C2F83A2099FE4900B2483A /* PaymentMethodViewController.swift */; };
		A7C2F83D2099FE4900B2483A /* PaymentMethodView.xib in Resources */ = {isa = PBXBuildFile; fileRef = A7C2F83B2099FE4900B2483A /* PaymentMethodView.xib */; };
		A7DD0F2F209B49DC007D0848 /* AmountViewController.swift in Sources */ = {isa = PBXBuildFile; fileRef = A7DD0F2E209B49DC007D0848 /* AmountViewController.swift */; };
/* End PBXBuildFile section */

/* Begin PBXContainerItemProxy section */
		A79585172094D6ED00D9DFC1 /* PBXContainerItemProxy */ = {
			isa = PBXContainerItemProxy;
			containerPortal = A79584FA2094D6ED00D9DFC1 /* Project object */;
			proxyType = 1;
			remoteGlobalIDString = A79585012094D6ED00D9DFC1;
			remoteInfo = "MercadoPago Payment Example";
		};
/* End PBXContainerItemProxy section */

/* Begin PBXFileReference section */
		A7192655209CC61D0009AC96 /* CardIssuerConnector.swift */ = {isa = PBXFileReference; fileEncoding = 4; lastKnownFileType = sourcecode.swift; path = CardIssuerConnector.swift; sourceTree = "<group>"; };
		A7192657209CC6440009AC96 /* CardIssuer.swift */ = {isa = PBXFileReference; fileEncoding = 4; lastKnownFileType = sourcecode.swift; path = CardIssuer.swift; sourceTree = "<group>"; };
		A75F9B0620978FC000FFE3F2 /* PaymentMethod.swift */ = {isa = PBXFileReference; lastKnownFileType = sourcecode.swift; path = PaymentMethod.swift; sourceTree = "<group>"; };
		A75F9B092097923200FFE3F2 /* PaymentMethodConnector.swift */ = {isa = PBXFileReference; lastKnownFileType = sourcecode.swift; path = PaymentMethodConnector.swift; sourceTree = "<group>"; };
		A79585022094D6ED00D9DFC1 /* MercadoPago Payment Example.app */ = {isa = PBXFileReference; explicitFileType = wrapper.application; includeInIndex = 0; path = "MercadoPago Payment Example.app"; sourceTree = BUILT_PRODUCTS_DIR; };
		A79585052094D6ED00D9DFC1 /* AppDelegate.swift */ = {isa = PBXFileReference; lastKnownFileType = sourcecode.swift; path = AppDelegate.swift; sourceTree = "<group>"; };
		A795850C2094D6ED00D9DFC1 /* Assets.xcassets */ = {isa = PBXFileReference; lastKnownFileType = folder.assetcatalog; path = Assets.xcassets; sourceTree = "<group>"; };
		A795850F2094D6ED00D9DFC1 /* Base */ = {isa = PBXFileReference; lastKnownFileType = file.storyboard; name = Base; path = Base.lproj/LaunchScreen.storyboard; sourceTree = "<group>"; };
		A79585112094D6ED00D9DFC1 /* Info.plist */ = {isa = PBXFileReference; lastKnownFileType = text.plist.xml; path = Info.plist; sourceTree = "<group>"; };
		A79585162094D6ED00D9DFC1 /* MercadoPago Payment ExampleTests.xctest */ = {isa = PBXFileReference; explicitFileType = wrapper.cfbundle; includeInIndex = 0; path = "MercadoPago Payment ExampleTests.xctest"; sourceTree = BUILT_PRODUCTS_DIR; };
		A795851A2094D6ED00D9DFC1 /* MercadoPago_Payment_ExampleTests.swift */ = {isa = PBXFileReference; lastKnownFileType = sourcecode.swift; path = MercadoPago_Payment_ExampleTests.swift; sourceTree = "<group>"; };
		A795851C2094D6ED00D9DFC1 /* Info.plist */ = {isa = PBXFileReference; lastKnownFileType = text.plist.xml; path = Info.plist; sourceTree = "<group>"; };
		A79585282094DCC800D9DFC1 /* AmountView.xib */ = {isa = PBXFileReference; lastKnownFileType = file.xib; path = AmountView.xib; sourceTree = "<group>"; };
		A7A017DB209D048C00DB454E /* CardIssuerViewController.swift */ = {isa = PBXFileReference; fileEncoding = 4; lastKnownFileType = sourcecode.swift; path = CardIssuerViewController.swift; sourceTree = "<group>"; };
		A7A017DD209D18D200DB454E /* BaseConnector.swift */ = {isa = PBXFileReference; lastKnownFileType = sourcecode.swift; path = BaseConnector.swift; sourceTree = "<group>"; };
		A7AA9A74209A07E40043DAEA /* ThumbTitleCollectionViewCell.swift */ = {isa = PBXFileReference; lastKnownFileType = sourcecode.swift; path = ThumbTitleCollectionViewCell.swift; sourceTree = "<group>"; };
		A7AA9A75209A07E40043DAEA /* ThumbTitleCollectionViewCell.xib */ = {isa = PBXFileReference; lastKnownFileType = file.xib; path = ThumbTitleCollectionViewCell.xib; sourceTree = "<group>"; };
		A7AA9A78209A12130043DAEA /* XColumnsCollectionViewFlowLayout.swift */ = {isa = PBXFileReference; lastKnownFileType = sourcecode.swift; path = XColumnsCollectionViewFlowLayout.swift; sourceTree = "<group>"; };
		A7B66EEE209A64D80039DE06 /* PayUseCase.swift */ = {isa = PBXFileReference; lastKnownFileType = sourcecode.swift; path = PayUseCase.swift; sourceTree = "<group>"; };
		A7C2F83A2099FE4900B2483A /* PaymentMethodViewController.swift */ = {isa = PBXFileReference; lastKnownFileType = sourcecode.swift; path = PaymentMethodViewController.swift; sourceTree = "<group>"; };
		A7C2F83B2099FE4900B2483A /* PaymentMethodView.xib */ = {isa = PBXFileReference; lastKnownFileType = file.xib; path = PaymentMethodView.xib; sourceTree = "<group>"; };
		A7DD0F2E209B49DC007D0848 /* AmountViewController.swift */ = {isa = PBXFileReference; lastKnownFileType = sourcecode.swift; path = AmountViewController.swift; sourceTree = "<group>"; };
/* End PBXFileReference section */

/* Begin PBXFrameworksBuildPhase section */
		A79584FF2094D6ED00D9DFC1 /* Frameworks */ = {
			isa = PBXFrameworksBuildPhase;
			buildActionMask = 2147483647;
			files = (
			);
			runOnlyForDeploymentPostprocessing = 0;
		};
		A79585132094D6ED00D9DFC1 /* Frameworks */ = {
			isa = PBXFrameworksBuildPhase;
			buildActionMask = 2147483647;
			files = (
			);
			runOnlyForDeploymentPostprocessing = 0;
		};
/* End PBXFrameworksBuildPhase section */

/* Begin PBXGroup section */
		A75F9B082097920B00FFE3F2 /* Connectors */ = {
			isa = PBXGroup;
			children = (
				A7A017DD209D18D200DB454E /* BaseConnector.swift */,
				A75F9B092097923200FFE3F2 /* PaymentMethodConnector.swift */,
				A7192655209CC61D0009AC96 /* CardIssuerConnector.swift */,
			);
			path = Connectors;
			sourceTree = "<group>";
		};
		A780E7902094FACB00CFEFB3 /* Cells */ = {
			isa = PBXGroup;
			children = (
				A7AA9A74209A07E40043DAEA /* ThumbTitleCollectionViewCell.swift */,
				A7AA9A75209A07E40043DAEA /* ThumbTitleCollectionViewCell.xib */,
				A7AA9A78209A12130043DAEA /* XColumnsCollectionViewFlowLayout.swift */,
			);
			path = Cells;
			sourceTree = "<group>";
		};
		A79584F92094D6ED00D9DFC1 = {
			isa = PBXGroup;
			children = (
				A79585042094D6ED00D9DFC1 /* MercadoPago Payment Example */,
				A79585192094D6ED00D9DFC1 /* MercadoPago Payment ExampleTests */,
				A79585032094D6ED00D9DFC1 /* Products */,
			);
			sourceTree = "<group>";
		};
		A79585032094D6ED00D9DFC1 /* Products */ = {
			isa = PBXGroup;
			children = (
				A79585022094D6ED00D9DFC1 /* MercadoPago Payment Example.app */,
				A79585162094D6ED00D9DFC1 /* MercadoPago Payment ExampleTests.xctest */,
			);
			name = Products;
			sourceTree = "<group>";
		};
		A79585042094D6ED00D9DFC1 /* MercadoPago Payment Example */ = {
			isa = PBXGroup;
			children = (
				A7B66EED209A64BC0039DE06 /* UseCases */,
				A75F9B082097920B00FFE3F2 /* Connectors */,
				A780E7902094FACB00CFEFB3 /* Cells */,
				A79585272094DC2D00D9DFC1 /* ViewControllers */,
				A79585262094DC2400D9DFC1 /* Models */,
				A79585252094DC1400D9DFC1 /* Views */,
				A79585052094D6ED00D9DFC1 /* AppDelegate.swift */,
				A795850C2094D6ED00D9DFC1 /* Assets.xcassets */,
				A795850E2094D6ED00D9DFC1 /* LaunchScreen.storyboard */,
				A79585112094D6ED00D9DFC1 /* Info.plist */,
			);
			path = "MercadoPago Payment Example";
			sourceTree = "<group>";
		};
		A79585192094D6ED00D9DFC1 /* MercadoPago Payment ExampleTests */ = {
			isa = PBXGroup;
			children = (
				A795851A2094D6ED00D9DFC1 /* MercadoPago_Payment_ExampleTests.swift */,
				A795851C2094D6ED00D9DFC1 /* Info.plist */,
			);
			path = "MercadoPago Payment ExampleTests";
			sourceTree = "<group>";
		};
		A79585252094DC1400D9DFC1 /* Views */ = {
			isa = PBXGroup;
			children = (
				A7C2F83B2099FE4900B2483A /* PaymentMethodView.xib */,
				A79585282094DCC800D9DFC1 /* AmountView.xib */,
			);
			path = Views;
			sourceTree = "<group>";
		};
		A79585262094DC2400D9DFC1 /* Models */ = {
			isa = PBXGroup;
			children = (
				A75F9B0620978FC000FFE3F2 /* PaymentMethod.swift */,
				A7192657209CC6440009AC96 /* CardIssuer.swift */,
			);
			path = Models;
			sourceTree = "<group>";
		};
		A79585272094DC2D00D9DFC1 /* ViewControllers */ = {
			isa = PBXGroup;
			children = (
				A7C2F83A2099FE4900B2483A /* PaymentMethodViewController.swift */,
				A7A017DB209D048C00DB454E /* CardIssuerViewController.swift */,
				A7DD0F2E209B49DC007D0848 /* AmountViewController.swift */,
			);
			path = ViewControllers;
			sourceTree = "<group>";
		};
		A7B66EED209A64BC0039DE06 /* UseCases */ = {
			isa = PBXGroup;
			children = (
				A7B66EEE209A64D80039DE06 /* PayUseCase.swift */,
			);
			path = UseCases;
			sourceTree = "<group>";
		};
/* End PBXGroup section */

/* Begin PBXNativeTarget section */
		A79585012094D6ED00D9DFC1 /* MercadoPago Payment Example */ = {
			isa = PBXNativeTarget;
			buildConfigurationList = A795851F2094D6ED00D9DFC1 /* Build configuration list for PBXNativeTarget "MercadoPago Payment Example" */;
			buildPhases = (
				A79584FE2094D6ED00D9DFC1 /* Sources */,
				A79584FF2094D6ED00D9DFC1 /* Frameworks */,
				A79585002094D6ED00D9DFC1 /* Resources */,
			);
			buildRules = (
			);
			dependencies = (
			);
			name = "MercadoPago Payment Example";
			productName = "MercadoPago Payment Example";
			productReference = A79585022094D6ED00D9DFC1 /* MercadoPago Payment Example.app */;
			productType = "com.apple.product-type.application";
		};
		A79585152094D6ED00D9DFC1 /* MercadoPago Payment ExampleTests */ = {
			isa = PBXNativeTarget;
			buildConfigurationList = A79585222094D6ED00D9DFC1 /* Build configuration list for PBXNativeTarget "MercadoPago Payment ExampleTests" */;
			buildPhases = (
				A79585122094D6ED00D9DFC1 /* Sources */,
				A79585132094D6ED00D9DFC1 /* Frameworks */,
				A79585142094D6ED00D9DFC1 /* Resources */,
			);
			buildRules = (
			);
			dependencies = (
				A79585182094D6ED00D9DFC1 /* PBXTargetDependency */,
			);
			name = "MercadoPago Payment ExampleTests";
			productName = "MercadoPago Payment ExampleTests";
			productReference = A79585162094D6ED00D9DFC1 /* MercadoPago Payment ExampleTests.xctest */;
			productType = "com.apple.product-type.bundle.unit-test";
		};
/* End PBXNativeTarget section */

/* Begin PBXProject section */
		A79584FA2094D6ED00D9DFC1 /* Project object */ = {
			isa = PBXProject;
			attributes = {
				LastSwiftUpdateCheck = 0920;
				LastUpgradeCheck = 0920;
				ORGANIZATIONNAME = "Diego López Bugna";
				TargetAttributes = {
					A79585012094D6ED00D9DFC1 = {
						CreatedOnToolsVersion = 9.2;
						ProvisioningStyle = Automatic;
					};
					A79585152094D6ED00D9DFC1 = {
						CreatedOnToolsVersion = 9.2;
						ProvisioningStyle = Automatic;
						TestTargetID = A79585012094D6ED00D9DFC1;
					};
				};
			};
			buildConfigurationList = A79584FD2094D6ED00D9DFC1 /* Build configuration list for PBXProject "MercadoPago Payment Example" */;
			compatibilityVersion = "Xcode 8.0";
			developmentRegion = en;
			hasScannedForEncodings = 0;
			knownRegions = (
				en,
				Base,
			);
			mainGroup = A79584F92094D6ED00D9DFC1;
			productRefGroup = A79585032094D6ED00D9DFC1 /* Products */;
			projectDirPath = "";
			projectRoot = "";
			targets = (
				A79585012094D6ED00D9DFC1 /* MercadoPago Payment Example */,
				A79585152094D6ED00D9DFC1 /* MercadoPago Payment ExampleTests */,
			);
		};
/* End PBXProject section */

/* Begin PBXResourcesBuildPhase section */
		A79585002094D6ED00D9DFC1 /* Resources */ = {
			isa = PBXResourcesBuildPhase;
			buildActionMask = 2147483647;
			files = (
				A79585102094D6ED00D9DFC1 /* LaunchScreen.storyboard in Resources */,
				A7AA9A77209A07E40043DAEA /* ThumbTitleCollectionViewCell.xib in Resources */,
				A795850D2094D6ED00D9DFC1 /* Assets.xcassets in Resources */,
				A7C2F83D2099FE4900B2483A /* PaymentMethodView.xib in Resources */,
				A79585292094DCC800D9DFC1 /* AmountView.xib in Resources */,
			);
			runOnlyForDeploymentPostprocessing = 0;
		};
		A79585142094D6ED00D9DFC1 /* Resources */ = {
			isa = PBXResourcesBuildPhase;
			buildActionMask = 2147483647;
			files = (
			);
			runOnlyForDeploymentPostprocessing = 0;
		};
/* End PBXResourcesBuildPhase section */

/* Begin PBXSourcesBuildPhase section */
		A79584FE2094D6ED00D9DFC1 /* Sources */ = {
			isa = PBXSourcesBuildPhase;
			buildActionMask = 2147483647;
			files = (
				A7DD0F2F209B49DC007D0848 /* AmountViewController.swift in Sources */,
				A79585062094D6ED00D9DFC1 /* AppDelegate.swift in Sources */,
				A75F9B0A2097923200FFE3F2 /* PaymentMethodConnector.swift in Sources */,
				A7192656209CC61D0009AC96 /* CardIssuerConnector.swift in Sources */,
				A7A017DE209D18D200DB454E /* BaseConnector.swift in Sources */,
				A7AA9A79209A12130043DAEA /* XColumnsCollectionViewFlowLayout.swift in Sources */,
				A7A017DC209D048C00DB454E /* CardIssuerViewController.swift in Sources */,
				A7B66EEF209A64D80039DE06 /* PayUseCase.swift in Sources */,
				A7C2F83C2099FE4900B2483A /* PaymentMethodViewController.swift in Sources */,
				A75F9B0720978FC000FFE3F2 /* PaymentMethod.swift in Sources */,
				A7192658209CC6440009AC96 /* CardIssuer.swift in Sources */,
				A7AA9A76209A07E40043DAEA /* ThumbTitleCollectionViewCell.swift in Sources */,
			);
			runOnlyForDeploymentPostprocessing = 0;
		};
		A79585122094D6ED00D9DFC1 /* Sources */ = {
			isa = PBXSourcesBuildPhase;
			buildActionMask = 2147483647;
			files = (
				A795851B2094D6ED00D9DFC1 /* MercadoPago_Payment_ExampleTests.swift in Sources */,
			);
			runOnlyForDeploymentPostprocessing = 0;
		};
/* End PBXSourcesBuildPhase section */

/* Begin PBXTargetDependency section */
		A79585182094D6ED00D9DFC1 /* PBXTargetDependency */ = {
			isa = PBXTargetDependency;
			target = A79585012094D6ED00D9DFC1 /* MercadoPago Payment Example */;
			targetProxy = A79585172094D6ED00D9DFC1 /* PBXContainerItemProxy */;
		};
/* End PBXTargetDependency section */

/* Begin PBXVariantGroup section */
		A795850E2094D6ED00D9DFC1 /* LaunchScreen.storyboard */ = {
			isa = PBXVariantGroup;
			children = (
				A795850F2094D6ED00D9DFC1 /* Base */,
			);
			name = LaunchScreen.storyboard;
			sourceTree = "<group>";
		};
/* End PBXVariantGroup section */

/* Begin XCBuildConfiguration section */
		A795851D2094D6ED00D9DFC1 /* Debug */ = {
			isa = XCBuildConfiguration;
			buildSettings = {
				ALWAYS_SEARCH_USER_PATHS = NO;
				CLANG_ANALYZER_NONNULL = YES;
				CLANG_ANALYZER_NUMBER_OBJECT_CONVERSION = YES_AGGRESSIVE;
				CLANG_CXX_LANGUAGE_STANDARD = "gnu++14";
				CLANG_CXX_LIBRARY = "libc++";
				CLANG_ENABLE_MODULES = YES;
				CLANG_ENABLE_OBJC_ARC = YES;
				CLANG_WARN_BLOCK_CAPTURE_AUTORELEASING = YES;
				CLANG_WARN_BOOL_CONVERSION = YES;
				CLANG_WARN_COMMA = YES;
				CLANG_WARN_CONSTANT_CONVERSION = YES;
				CLANG_WARN_DIRECT_OBJC_ISA_USAGE = YES_ERROR;
				CLANG_WARN_DOCUMENTATION_COMMENTS = YES;
				CLANG_WARN_EMPTY_BODY = YES;
				CLANG_WARN_ENUM_CONVERSION = YES;
				CLANG_WARN_INFINITE_RECURSION = YES;
				CLANG_WARN_INT_CONVERSION = YES;
				CLANG_WARN_NON_LITERAL_NULL_CONVERSION = YES;
				CLANG_WARN_OBJC_LITERAL_CONVERSION = YES;
				CLANG_WARN_OBJC_ROOT_CLASS = YES_ERROR;
				CLANG_WARN_RANGE_LOOP_ANALYSIS = YES;
				CLANG_WARN_STRICT_PROTOTYPES = YES;
				CLANG_WARN_SUSPICIOUS_MOVE = YES;
				CLANG_WARN_UNGUARDED_AVAILABILITY = YES_AGGRESSIVE;
				CLANG_WARN_UNREACHABLE_CODE = YES;
				CLANG_WARN__DUPLICATE_METHOD_MATCH = YES;
				CODE_SIGN_IDENTITY = "iPhone Developer";
				COPY_PHASE_STRIP = NO;
				DEBUG_INFORMATION_FORMAT = dwarf;
				ENABLE_STRICT_OBJC_MSGSEND = YES;
				ENABLE_TESTABILITY = YES;
				GCC_C_LANGUAGE_STANDARD = gnu11;
				GCC_DYNAMIC_NO_PIC = NO;
				GCC_NO_COMMON_BLOCKS = YES;
				GCC_OPTIMIZATION_LEVEL = 0;
				GCC_PREPROCESSOR_DEFINITIONS = (
					"DEBUG=1",
					"$(inherited)",
				);
				GCC_WARN_64_TO_32_BIT_CONVERSION = YES;
				GCC_WARN_ABOUT_RETURN_TYPE = YES_ERROR;
				GCC_WARN_UNDECLARED_SELECTOR = YES;
				GCC_WARN_UNINITIALIZED_AUTOS = YES_AGGRESSIVE;
				GCC_WARN_UNUSED_FUNCTION = YES;
				GCC_WARN_UNUSED_VARIABLE = YES;
				IPHONEOS_DEPLOYMENT_TARGET = 11.2;
				MTL_ENABLE_DEBUG_INFO = YES;
				ONLY_ACTIVE_ARCH = YES;
				SDKROOT = iphoneos;
				SWIFT_ACTIVE_COMPILATION_CONDITIONS = DEBUG;
				SWIFT_OPTIMIZATION_LEVEL = "-Onone";
			};
			name = Debug;
		};
		A795851E2094D6ED00D9DFC1 /* Release */ = {
			isa = XCBuildConfiguration;
			buildSettings = {
				ALWAYS_SEARCH_USER_PATHS = NO;
				CLANG_ANALYZER_NONNULL = YES;
				CLANG_ANALYZER_NUMBER_OBJECT_CONVERSION = YES_AGGRESSIVE;
				CLANG_CXX_LANGUAGE_STANDARD = "gnu++14";
				CLANG_CXX_LIBRARY = "libc++";
				CLANG_ENABLE_MODULES = YES;
				CLANG_ENABLE_OBJC_ARC = YES;
				CLANG_WARN_BLOCK_CAPTURE_AUTORELEASING = YES;
				CLANG_WARN_BOOL_CONVERSION = YES;
				CLANG_WARN_COMMA = YES;
				CLANG_WARN_CONSTANT_CONVERSION = YES;
				CLANG_WARN_DIRECT_OBJC_ISA_USAGE = YES_ERROR;
				CLANG_WARN_DOCUMENTATION_COMMENTS = YES;
				CLANG_WARN_EMPTY_BODY = YES;
				CLANG_WARN_ENUM_CONVERSION = YES;
				CLANG_WARN_INFINITE_RECURSION = YES;
				CLANG_WARN_INT_CONVERSION = YES;
				CLANG_WARN_NON_LITERAL_NULL_CONVERSION = YES;
				CLANG_WARN_OBJC_LITERAL_CONVERSION = YES;
				CLANG_WARN_OBJC_ROOT_CLASS = YES_ERROR;
				CLANG_WARN_RANGE_LOOP_ANALYSIS = YES;
				CLANG_WARN_STRICT_PROTOTYPES = YES;
				CLANG_WARN_SUSPICIOUS_MOVE = YES;
				CLANG_WARN_UNGUARDED_AVAILABILITY = YES_AGGRESSIVE;
				CLANG_WARN_UNREACHABLE_CODE = YES;
				CLANG_WARN__DUPLICATE_METHOD_MATCH = YES;
				CODE_SIGN_IDENTITY = "iPhone Developer";
				COPY_PHASE_STRIP = NO;
				DEBUG_INFORMATION_FORMAT = "dwarf-with-dsym";
				ENABLE_NS_ASSERTIONS = NO;
				ENABLE_STRICT_OBJC_MSGSEND = YES;
				GCC_C_LANGUAGE_STANDARD = gnu11;
				GCC_NO_COMMON_BLOCKS = YES;
				GCC_WARN_64_TO_32_BIT_CONVERSION = YES;
				GCC_WARN_ABOUT_RETURN_TYPE = YES_ERROR;
				GCC_WARN_UNDECLARED_SELECTOR = YES;
				GCC_WARN_UNINITIALIZED_AUTOS = YES_AGGRESSIVE;
				GCC_WARN_UNUSED_FUNCTION = YES;
				GCC_WARN_UNUSED_VARIABLE = YES;
				IPHONEOS_DEPLOYMENT_TARGET = 11.2;
				MTL_ENABLE_DEBUG_INFO = NO;
				SDKROOT = iphoneos;
				SWIFT_OPTIMIZATION_LEVEL = "-Owholemodule";
				VALIDATE_PRODUCT = YES;
			};
			name = Release;
		};
		A79585202094D6ED00D9DFC1 /* Debug */ = {
			isa = XCBuildConfiguration;
			buildSettings = {
				ASSETCATALOG_COMPILER_APPICON_NAME = AppIcon;
				CODE_SIGN_STYLE = Automatic;
				DEVELOPMENT_TEAM = X32L2WT2YT;
				INFOPLIST_FILE = "MercadoPago Payment Example/Info.plist";
				LD_RUNPATH_SEARCH_PATHS = "$(inherited) @executable_path/Frameworks";
				PRODUCT_BUNDLE_IDENTIFIER = "DLB.MercadoPago-Payment-Example";
				PRODUCT_NAME = "$(TARGET_NAME)";
				SWIFT_VERSION = 4.0;
				TARGETED_DEVICE_FAMILY = "1,2";
			};
			name = Debug;
		};
		A79585212094D6ED00D9DFC1 /* Release */ = {
			isa = XCBuildConfiguration;
			buildSettings = {
				ASSETCATALOG_COMPILER_APPICON_NAME = AppIcon;
				CODE_SIGN_STYLE = Automatic;
				DEVELOPMENT_TEAM = X32L2WT2YT;
				INFOPLIST_FILE = "MercadoPago Payment Example/Info.plist";
				LD_RUNPATH_SEARCH_PATHS = "$(inherited) @executable_path/Frameworks";
				PRODUCT_BUNDLE_IDENTIFIER = "DLB.MercadoPago-Payment-Example";
				PRODUCT_NAME = "$(TARGET_NAME)";
				SWIFT_VERSION = 4.0;
				TARGETED_DEVICE_FAMILY = "1,2";
			};
			name = Release;
		};
		A79585232094D6ED00D9DFC1 /* Debug */ = {
			isa = XCBuildConfiguration;
			buildSettings = {
				ALWAYS_EMBED_SWIFT_STANDARD_LIBRARIES = YES;
				BUNDLE_LOADER = "$(TEST_HOST)";
				CODE_SIGN_STYLE = Automatic;
				DEVELOPMENT_TEAM = X32L2WT2YT;
				INFOPLIST_FILE = "MercadoPago Payment ExampleTests/Info.plist";
				LD_RUNPATH_SEARCH_PATHS = "$(inherited) @executable_path/Frameworks @loader_path/Frameworks";
				PRODUCT_BUNDLE_IDENTIFIER = "DLB.MercadoPago-Payment-ExampleTests";
				PRODUCT_NAME = "$(TARGET_NAME)";
				SWIFT_VERSION = 4.0;
				TARGETED_DEVICE_FAMILY = "1,2";
				TEST_HOST = "$(BUILT_PRODUCTS_DIR)/MercadoPago Payment Example.app/MercadoPago Payment Example";
			};
			name = Debug;
		};
		A79585242094D6ED00D9DFC1 /* Release */ = {
			isa = XCBuildConfiguration;
			buildSettings = {
				ALWAYS_EMBED_SWIFT_STANDARD_LIBRARIES = YES;
				BUNDLE_LOADER = "$(TEST_HOST)";
				CODE_SIGN_STYLE = Automatic;
				DEVELOPMENT_TEAM = X32L2WT2YT;
				INFOPLIST_FILE = "MercadoPago Payment ExampleTests/Info.plist";
				LD_RUNPATH_SEARCH_PATHS = "$(inherited) @executable_path/Frameworks @loader_path/Frameworks";
				PRODUCT_BUNDLE_IDENTIFIER = "DLB.MercadoPago-Payment-ExampleTests";
				PRODUCT_NAME = "$(TARGET_NAME)";
				SWIFT_VERSION = 4.0;
				TARGETED_DEVICE_FAMILY = "1,2";
				TEST_HOST = "$(BUILT_PRODUCTS_DIR)/MercadoPago Payment Example.app/MercadoPago Payment Example";
			};
			name = Release;
		};
/* End XCBuildConfiguration section */

/* Begin XCConfigurationList section */
		A79584FD2094D6ED00D9DFC1 /* Build configuration list for PBXProject "MercadoPago Payment Example" */ = {
			isa = XCConfigurationList;
			buildConfigurations = (
				A795851D2094D6ED00D9DFC1 /* Debug */,
				A795851E2094D6ED00D9DFC1 /* Release */,
			);
			defaultConfigurationIsVisible = 0;
			defaultConfigurationName = Release;
		};
		A795851F2094D6ED00D9DFC1 /* Build configuration list for PBXNativeTarget "MercadoPago Payment Example" */ = {
			isa = XCConfigurationList;
			buildConfigurations = (
				A79585202094D6ED00D9DFC1 /* Debug */,
				A79585212094D6ED00D9DFC1 /* Release */,
			);
			defaultConfigurationIsVisible = 0;
			defaultConfigurationName = Release;
		};
		A79585222094D6ED00D9DFC1 /* Build configuration list for PBXNativeTarget "MercadoPago Payment ExampleTests" */ = {
			isa = XCConfigurationList;
			buildConfigurations = (
				A79585232094D6ED00D9DFC1 /* Debug */,
				A79585242094D6ED00D9DFC1 /* Release */,
			);
			defaultConfigurationIsVisible = 0;
			defaultConfigurationName = Release;
		};
/* End XCConfigurationList section */
	};
	rootObject = A79584FA2094D6ED00D9DFC1 /* Project object */;
}
